
Microsoft Visual Studio Solution File, Format Version 12.00
# Visual Studio Version 17
VisualStudioVersion = 17.5.002.0
MinimumVisualStudioVersion = 10.0.40219.1
Project("{9A19103F-16F7-4668-BE54-9A1E7A4F7556}") = "Calculator", "Calculator.csproj", "{B1F08355-E114-453D-B4CD-551D476B6A29}"
EndProject
Global
	GlobalSection(SolutionConfigurationPlatforms) = preSolution
		Debug|Any CPU = Debug|Any CPU
		Release|Any CPU = Release|Any CPU
	EndGlobalSection
	GlobalSection(ProjectConfigurationPlatforms) = postSolution
		{B1F08355-E114-453D-B4CD-551D476B6A29}.Debug|Any CPU.ActiveCfg = Debug|Any CPU
		{B1F08355-E114-453D-B4CD-551D476B6A29}.Debug|Any CPU.Build.0 = Debug|Any CPU
		{B1F08355-E114-453D-B4CD-551D476B6A29}.Release|Any CPU.ActiveCfg = Release|Any CPU
		{B1F08355-E114-453D-B4CD-551D476B6A29}.Release|Any CPU.Build.0 = Release|Any CPU
	EndGlobalSection
	GlobalSection(SolutionProperties) = preSolution
		HideSolutionNode = FALSE
	EndGlobalSection
	GlobalSection(ExtensibilityGlobals) = postSolution
		SolutionGuid = {04148347-6367-4327-8B7E-A38515D64B03}
	EndGlobalSection
EndGlobal
